
Microsoft Visual Studio Solution File, Format Version 12.00
# Visual Studio Version 16
VisualStudioVersion = 16.0.29102.190
MinimumVisualStudioVersion = 10.0.40219.1
Project("{FAE04EC0-301F-11D3-BF4B-00C04F79EFBC}") = "PrismSampleByXamarinForms.iOS", "PrismSampleByXamarinForms\PrismSampleByXamarinForms.iOS\PrismSampleByXamarinForms.iOS.csproj", "{BDF3F703-778D-4E60-A97C-605261D81FE1}"
EndProject
Project("{9A19103F-16F7-4668-BE54-9A1E7A4F7556}") = "PrismSampleByXamarinForms", "PrismSampleByXamarinForms\PrismSampleByXamarinForms\PrismSampleByXamarinForms.csproj", "{9FA71CB0-A43E-4763-8319-1586CCD5DCBD}"
EndProject
Project("{FAE04EC0-301F-11D3-BF4B-00C04F79EFBC}") = "PrismSampleByXamarinForms.Android", "PrismSampleByXamarinForms\Forms.Android\PrismSampleByXamarinForms.Android.csproj", "{9F5B42A9-22CA-4158-BB78-86C695A4A96A}"
EndProject
Project("{2150E333-8FDC-42A3-9474-1A3956D46DE8}") = "Solution Items", "Solution Items", "{815C12CA-39E3-44F5-B8E9-0C424D3282FC}"
	ProjectSection(SolutionItems) = preProject
		README.md = README.md
	EndProjectSection
EndProject
Global
	GlobalSection(SolutionConfigurationPlatforms) = preSolution
		Debug|Any CPU = Debug|Any CPU
		Debug|iPhone = Debug|iPhone
		Debug|iPhoneSimulator = Debug|iPhoneSimulator
		Release|Any CPU = Release|Any CPU
		Release|iPhone = Release|iPhone
		Release|iPhoneSimulator = Release|iPhoneSimulator
	EndGlobalSection
	GlobalSection(ProjectConfigurationPlatforms) = postSolution
		{BDF3F703-778D-4E60-A97C-605261D81FE1}.Debug|Any CPU.ActiveCfg = Debug|iPhoneSimulator
		{BDF3F703-778D-4E60-A97C-605261D81FE1}.Debug|Any CPU.Build.0 = Debug|iPhoneSimulator
		{BDF3F703-778D-4E60-A97C-605261D81FE1}.Debug|Any CPU.Deploy.0 = Debug|iPhoneSimulator
		{BDF3F703-778D-4E60-A97C-605261D81FE1}.Debug|iPhone.ActiveCfg = Debug|iPhone
		{BDF3F703-778D-4E60-A97C-605261D81FE1}.Debug|iPhone.Build.0 = Debug|iPhone
		{BDF3F703-778D-4E60-A97C-605261D81FE1}.Debug|iPhone.Deploy.0 = Debug|iPhone
		{BDF3F703-778D-4E60-A97C-605261D81FE1}.Debug|iPhoneSimulator.ActiveCfg = Debug|iPhoneSimulator
		{BDF3F703-778D-4E60-A97C-605261D81FE1}.Debug|iPhoneSimulator.Build.0 = Debug|iPhoneSimulator
		{BDF3F703-778D-4E60-A97C-605261D81FE1}.Debug|iPhoneSimulator.Deploy.0 = Debug|iPhoneSimulator
		{BDF3F703-778D-4E60-A97C-605261D81FE1}.Release|Any CPU.ActiveCfg = Release|iPhone
		{BDF3F703-778D-4E60-A97C-605261D81FE1}.Release|Any CPU.Build.0 = Release|iPhone
		{BDF3F703-778D-4E60-A97C-605261D81FE1}.Release|Any CPU.Deploy.0 = Release|iPhone
		{BDF3F703-778D-4E60-A97C-605261D81FE1}.Release|iPhone.ActiveCfg = Release|iPhone
		{BDF3F703-778D-4E60-A97C-605261D81FE1}.Release|iPhone.Build.0 = Release|iPhone
		{BDF3F703-778D-4E60-A97C-605261D81FE1}.Release|iPhone.Deploy.0 = Release|iPhone
		{BDF3F703-778D-4E60-A97C-605261D81FE1}.Release|iPhoneSimulator.ActiveCfg = Release|iPhoneSimulator
		{BDF3F703-778D-4E60-A97C-605261D81FE1}.Release|iPhoneSimulator.Build.0 = Release|iPhoneSimulator
		{BDF3F703-778D-4E60-A97C-605261D81FE1}.Release|iPhoneSimulator.Deploy.0 = Release|iPhoneSimulator
		{9FA71CB0-A43E-4763-8319-1586CCD5DCBD}.Debug|Any CPU.ActiveCfg = Debug|Any CPU
		{9FA71CB0-A43E-4763-8319-1586CCD5DCBD}.Debug|Any CPU.Build.0 = Debug|Any CPU
		{9FA71CB0-A43E-4763-8319-1586CCD5DCBD}.Debug|Any CPU.Deploy.0 = Debug|Any CPU
		{9FA71CB0-A43E-4763-8319-1586CCD5DCBD}.Debug|iPhone.ActiveCfg = Debug|Any CPU
		{9FA71CB0-A43E-4763-8319-1586CCD5DCBD}.Debug|iPhone.Build.0 = Debug|Any CPU
		{9FA71CB0-A43E-4763-8319-1586CCD5DCBD}.Debug|iPhone.Deploy.0 = Debug|Any CPU
		{9FA71CB0-A43E-4763-8319-1586CCD5DCBD}.Debug|iPhoneSimulator.ActiveCfg = Debug|Any CPU
		{9FA71CB0-A43E-4763-8319-1586CCD5DCBD}.Debug|iPhoneSimulator.Build.0 = Debug|Any CPU
		{9FA71CB0-A43E-4763-8319-1586CCD5DCBD}.Debug|iPhoneSimulator.Deploy.0 = Debug|Any CPU
		{9FA71CB0-A43E-4763-8319-1586CCD5DCBD}.Release|Any CPU.ActiveCfg = Release|Any CPU
		{9FA71CB0-A43E-4763-8319-1586CCD5DCBD}.Release|Any CPU.Build.0 = Release|Any CPU
		{9FA71CB0-A43E-4763-8319-1586CCD5DCBD}.Release|Any CPU.Deploy.0 = Release|Any CPU
		{9FA71CB0-A43E-4763-8319-1586CCD5DCBD}.Release|iPhone.ActiveCfg = Release|Any CPU
		{9FA71CB0-A43E-4763-8319-1586CCD5DCBD}.Release|iPhone.Build.0 = Release|Any CPU
		{9FA71CB0-A43E-4763-8319-1586CCD5DCBD}.Release|iPhone.Deploy.0 = Release|Any CPU
		{9FA71CB0-A43E-4763-8319-1586CCD5DCBD}.Release|iPhoneSimulator.ActiveCfg = Release|Any CPU
		{9FA71CB0-A43E-4763-8319-1586CCD5DCBD}.Release|iPhoneSimulator.Build.0 = Release|Any CPU
		{9FA71CB0-A43E-4763-8319-1586CCD5DCBD}.Release|iPhoneSimulator.Deploy.0 = Release|Any CPU
		{9F5B42A9-22CA-4158-BB78-86C695A4A96A}.Debug|Any CPU.ActiveCfg = Debug|Any CPU
		{9F5B42A9-22CA-4158-BB78-86C695A4A96A}.Debug|Any CPU.Build.0 = Debug|Any CPU
		{9F5B42A9-22CA-4158-BB78-86C695A4A96A}.Debug|Any CPU.Deploy.0 = Debug|Any CPU
		{9F5B42A9-22CA-4158-BB78-86C695A4A96A}.Debug|iPhone.ActiveCfg = Debug|Any CPU
		{9F5B42A9-22CA-4158-BB78-86C695A4A96A}.Debug|iPhone.Build.0 = Debug|Any CPU
		{9F5B42A9-22CA-4158-BB78-86C695A4A96A}.Debug|iPhone.Deploy.0 = Debug|Any CPU
		{9F5B42A9-22CA-4158-BB78-86C695A4A96A}.Debug|iPhoneSimulator.ActiveCfg = Debug|Any CPU
		{9F5B42A9-22CA-4158-BB78-86C695A4A96A}.Debug|iPhoneSimulator.Build.0 = Debug|Any CPU
		{9F5B42A9-22CA-4158-BB78-86C695A4A96A}.Debug|iPhoneSimulator.Deploy.0 = Debug|Any CPU
		{9F5B42A9-22CA-4158-BB78-86C695A4A96A}.Release|Any CPU.ActiveCfg = Release|Any CPU
		{9F5B42A9-22CA-4158-BB78-86C695A4A96A}.Release|Any CPU.Build.0 = Release|Any CPU
		{9F5B42A9-22CA-4158-BB78-86C695A4A96A}.Release|Any CPU.Deploy.0 = Release|Any CPU
		{9F5B42A9-22CA-4158-BB78-86C695A4A96A}.Release|iPhone.ActiveCfg = Release|Any CPU
		{9F5B42A9-22CA-4158-BB78-86C695A4A96A}.Release|iPhone.Build.0 = Release|Any CPU
		{9F5B42A9-22CA-4158-BB78-86C695A4A96A}.Release|iPhone.Deploy.0 = Release|Any CPU
		{9F5B42A9-22CA-4158-BB78-86C695A4A96A}.Release|iPhoneSimulator.ActiveCfg = Release|Any CPU
		{9F5B42A9-22CA-4158-BB78-86C695A4A96A}.Release|iPhoneSimulator.Build.0 = Release|Any CPU
		{9F5B42A9-22CA-4158-BB78-86C695A4A96A}.Release|iPhoneSimulator.Deploy.0 = Release|Any CPU
	EndGlobalSection
	GlobalSection(SolutionProperties) = preSolution
		HideSolutionNode = FALSE
	EndGlobalSection
	GlobalSection(ExtensibilityGlobals) = postSolution
		SolutionGuid = {5753BCA6-14B4-4CD5-B13F-D46963FB044E}
	EndGlobalSection
EndGlobal
